// !$*UTF8*$!
{
	archiveVersion = 1;
	classes = {
	};
	objectVersion = 55;
	objects = {

/* Begin PBXBuildFile section */
		F2071F42287F2F7300CBB1D2 /* ExaustiveSearch.swift in Sources */ = {isa = PBXBuildFile; fileRef = F2071F41287F2F7300CBB1D2 /* ExaustiveSearch.swift */; };
		F2071F45287F420900CBB1D2 /* BackTracking.swift in Sources */ = {isa = PBXBuildFile; fileRef = F2071F44287F420900CBB1D2 /* BackTracking.swift */; };
		F22C953A289B182200E4F32C /* LCA.swift in Sources */ = {isa = PBXBuildFile; fileRef = F22C9539289B182200E4F32C /* LCA.swift */; };
		F24B4E74287C9D6700F88C3C /* main.swift in Sources */ = {isa = PBXBuildFile; fileRef = F24B4E73287C9D6700F88C3C /* main.swift */; };
		F24B4E7C287C9D9D00F88C3C /* Recursion.swift in Sources */ = {isa = PBXBuildFile; fileRef = F24B4E7B287C9D9D00F88C3C /* Recursion.swift */; };
		F2523D2E2885BDDE0042B63D /* Searching.swift in Sources */ = {isa = PBXBuildFile; fileRef = F2523D2D2885BDDE0042B63D /* Searching.swift */; };
		F260F69E2888BF7200D286FB /* Bag.swift in Sources */ = {isa = PBXBuildFile; fileRef = F260F69D2888BF7200D286FB /* Bag.swift */; };
		F260F6A02888BFA900D286FB /* Queue.swift in Sources */ = {isa = PBXBuildFile; fileRef = F260F69F2888BFA900D286FB /* Queue.swift */; };
		F260F6A22888BFD300D286FB /* Stack.swift in Sources */ = {isa = PBXBuildFile; fileRef = F260F6A12888BFD300D286FB /* Stack.swift */; };
		F26F68F62890DBEB0038EB7B /* BFS.swift in Sources */ = {isa = PBXBuildFile; fileRef = F26F68F52890DBEB0038EB7B /* BFS.swift */; };
		F26F68F82890DE760038EB7B /* Cyclic Permutation.swift in Sources */ = {isa = PBXBuildFile; fileRef = F26F68F72890DE760038EB7B /* Cyclic Permutation.swift */; };
		F26F68FA2890F6860038EB7B /* RepeatingSequence.swift in Sources */ = {isa = PBXBuildFile; fileRef = F26F68F92890F6860038EB7B /* RepeatingSequence.swift */; };
		F28EF95C2886712A005E6965 /* Sorting.swift in Sources */ = {isa = PBXBuildFile; fileRef = F28EF95B2886712A005E6965 /* Sorting.swift */; };
		F297551028904C2B001D510A /* AdjacencyMatrix.swift in Sources */ = {isa = PBXBuildFile; fileRef = F297550F28904C2B001D510A /* AdjacencyMatrix.swift */; };
		F29755122890530B001D510A /* DFS.swift in Sources */ = {isa = PBXBuildFile; fileRef = F29755112890530B001D510A /* DFS.swift */; };
		F2975514289055B5001D510A /* String+DPStringTool.swift in Sources */ = {isa = PBXBuildFile; fileRef = F2975513289055B5001D510A /* String+DPStringTool.swift */; };
		F2976F212895CA85000FAE7A /* WhosMyParent.swift in Sources */ = {isa = PBXBuildFile; fileRef = F2976F202895CA85000FAE7A /* WhosMyParent.swift */; };
		F2976F4C2895F0C3000FAE7A /* Diameter.swift in Sources */ = {isa = PBXBuildFile; fileRef = F2976F4B2895F0C3000FAE7A /* Diameter.swift */; };
		F2B36CB2289C344A006A403D /* SushiReview.swift in Sources */ = {isa = PBXBuildFile; fileRef = F2B36CB1289C344A006A403D /* SushiReview.swift */; };
		F2BFEC1C28A1802A00300AB2 /* Maze.swift in Sources */ = {isa = PBXBuildFile; fileRef = F2BFEC1B28A1802900300AB2 /* Maze.swift */; };
		F2D41C5928A4C43300C288C0 /* CourseSchedule+leetcode.swift in Sources */ = {isa = PBXBuildFile; fileRef = F2D41C5828A4C43300C288C0 /* CourseSchedule+leetcode.swift */; };
		F2D41C5B28A4C67E00C288C0 /* CourseSchedule2+leetcode.swift in Sources */ = {isa = PBXBuildFile; fileRef = F2D41C5A28A4C67E00C288C0 /* CourseSchedule2+leetcode.swift */; };
		F2F38B3A28A30E4C00572B5F /* TomatoFarm.swift in Sources */ = {isa = PBXBuildFile; fileRef = F2F38B3928A30E4C00572B5F /* TomatoFarm.swift */; };
		F2F38B3C28A3750A00572B5F /* Bridges.swift in Sources */ = {isa = PBXBuildFile; fileRef = F2F38B3B28A3750900572B5F /* Bridges.swift */; };
/* End PBXBuildFile section */

/* Begin PBXCopyFilesBuildPhase section */
		F24B4E6E287C9D6700F88C3C /* CopyFiles */ = {
			isa = PBXCopyFilesBuildPhase;
			buildActionMask = 2147483647;
			dstPath = /usr/share/man/man1/;
			dstSubfolderSpec = 0;
			files = (
			);
			runOnlyForDeploymentPostprocessing = 1;
		};
/* End PBXCopyFilesBuildPhase section */

/* Begin PBXFileReference section */
		F2071F41287F2F7300CBB1D2 /* ExaustiveSearch.swift */ = {isa = PBXFileReference; lastKnownFileType = sourcecode.swift; path = ExaustiveSearch.swift; sourceTree = "<group>"; };
		F2071F44287F420900CBB1D2 /* BackTracking.swift */ = {isa = PBXFileReference; lastKnownFileType = sourcecode.swift; path = BackTracking.swift; sourceTree = "<group>"; };
		F22C9539289B182200E4F32C /* LCA.swift */ = {isa = PBXFileReference; lastKnownFileType = sourcecode.swift; path = LCA.swift; sourceTree = "<group>"; };
		F24B4E70287C9D6700F88C3C /* Swift-AGDS */ = {isa = PBXFileReference; explicitFileType = "compiled.mach-o.executable"; includeInIndex = 0; path = "Swift-AGDS"; sourceTree = BUILT_PRODUCTS_DIR; };
		F24B4E73287C9D6700F88C3C /* main.swift */ = {isa = PBXFileReference; lastKnownFileType = sourcecode.swift; path = main.swift; sourceTree = "<group>"; };
		F24B4E7B287C9D9D00F88C3C /* Recursion.swift */ = {isa = PBXFileReference; lastKnownFileType = sourcecode.swift; path = Recursion.swift; sourceTree = "<group>"; };
		F24B4E80287D386B00F88C3C /* story.txt */ = {isa = PBXFileReference; lastKnownFileType = text; path = story.txt; sourceTree = "<group>"; };
		F2523D2D2885BDDE0042B63D /* Searching.swift */ = {isa = PBXFileReference; lastKnownFileType = sourcecode.swift; path = Searching.swift; sourceTree = "<group>"; };
		F260F69D2888BF7200D286FB /* Bag.swift */ = {isa = PBXFileReference; lastKnownFileType = sourcecode.swift; path = Bag.swift; sourceTree = "<group>"; };
		F260F69F2888BFA900D286FB /* Queue.swift */ = {isa = PBXFileReference; lastKnownFileType = sourcecode.swift; path = Queue.swift; sourceTree = "<group>"; };
		F260F6A12888BFD300D286FB /* Stack.swift */ = {isa = PBXFileReference; lastKnownFileType = sourcecode.swift; path = Stack.swift; sourceTree = "<group>"; };
		F26F68F52890DBEB0038EB7B /* BFS.swift */ = {isa = PBXFileReference; lastKnownFileType = sourcecode.swift; path = BFS.swift; sourceTree = "<group>"; };
		F26F68F72890DE760038EB7B /* Cyclic Permutation.swift */ = {isa = PBXFileReference; lastKnownFileType = sourcecode.swift; path = "Cyclic Permutation.swift"; sourceTree = "<group>"; };
		F26F68F92890F6860038EB7B /* RepeatingSequence.swift */ = {isa = PBXFileReference; lastKnownFileType = sourcecode.swift; path = RepeatingSequence.swift; sourceTree = "<group>"; };
		F28EF95B2886712A005E6965 /* Sorting.swift */ = {isa = PBXFileReference; lastKnownFileType = sourcecode.swift; path = Sorting.swift; sourceTree = "<group>"; };
		F297550F28904C2B001D510A /* AdjacencyMatrix.swift */ = {isa = PBXFileReference; lastKnownFileType = sourcecode.swift; path = AdjacencyMatrix.swift; sourceTree = "<group>"; };
		F29755112890530B001D510A /* DFS.swift */ = {isa = PBXFileReference; lastKnownFileType = sourcecode.swift; path = DFS.swift; sourceTree = "<group>"; };
		F2975513289055B5001D510A /* String+DPStringTool.swift */ = {isa = PBXFileReference; lastKnownFileType = sourcecode.swift; path = "String+DPStringTool.swift"; sourceTree = "<group>"; };
		F2976F202895CA85000FAE7A /* WhosMyParent.swift */ = {isa = PBXFileReference; lastKnownFileType = sourcecode.swift; path = WhosMyParent.swift; sourceTree = "<group>"; };
		F2976F262895DFDD000FAE7A /* Swift-AGDS-Tests.xctest */ = {isa = PBXFileReference; explicitFileType = wrapper.cfbundle; includeInIndex = 0; path = "Swift-AGDS-Tests.xctest"; sourceTree = BUILT_PRODUCTS_DIR; };
		F2976F312895DFFD000FAE7A /* a.xctest */ = {isa = PBXFileReference; explicitFileType = wrapper.cfbundle; includeInIndex = 0; path = a.xctest; sourceTree = BUILT_PRODUCTS_DIR; };
		F2976F3C2895E01D000FAE7A /* WhosParents.xctest */ = {isa = PBXFileReference; explicitFileType = wrapper.cfbundle; includeInIndex = 0; path = WhosParents.xctest; sourceTree = BUILT_PRODUCTS_DIR; };
		F2976F4B2895F0C3000FAE7A /* Diameter.swift */ = {isa = PBXFileReference; lastKnownFileType = sourcecode.swift; path = Diameter.swift; sourceTree = "<group>"; };
		F2B36CB1289C344A006A403D /* SushiReview.swift */ = {isa = PBXFileReference; lastKnownFileType = sourcecode.swift; path = SushiReview.swift; sourceTree = "<group>"; };
		F2BFEC1828A1774700300AB2 /* Town.swift */ = {isa = PBXFileReference; lastKnownFileType = sourcecode.swift; path = Town.swift; sourceTree = "<group>"; };
		F2BFEC1B28A1802900300AB2 /* Maze.swift */ = {isa = PBXFileReference; fileEncoding = 4; lastKnownFileType = sourcecode.swift; name = Maze.swift; path = ../../Maze.swift; sourceTree = "<group>"; };
		F2BFEC1D28A1802B00300AB2 /* Maze.swift */ = {isa = PBXFileReference; lastKnownFileType = sourcecode.swift; path = Maze.swift; sourceTree = "<group>"; };
		F2D41C5828A4C43300C288C0 /* CourseSchedule+leetcode.swift */ = {isa = PBXFileReference; lastKnownFileType = sourcecode.swift; path = "CourseSchedule+leetcode.swift"; sourceTree = "<group>"; };
		F2D41C5A28A4C67E00C288C0 /* CourseSchedule2+leetcode.swift */ = {isa = PBXFileReference; lastKnownFileType = sourcecode.swift; path = "CourseSchedule2+leetcode.swift"; sourceTree = "<group>"; };
		F2F38B3928A30E4C00572B5F /* TomatoFarm.swift */ = {isa = PBXFileReference; lastKnownFileType = sourcecode.swift; path = TomatoFarm.swift; sourceTree = "<group>"; };
		F2F38B3B28A3750900572B5F /* Bridges.swift */ = {isa = PBXFileReference; lastKnownFileType = sourcecode.swift; path = Bridges.swift; sourceTree = "<group>"; };
/* End PBXFileReference section */

/* Begin PBXFrameworksBuildPhase section */
		F24B4E6D287C9D6700F88C3C /* Frameworks */ = {
			isa = PBXFrameworksBuildPhase;
			buildActionMask = 2147483647;
			files = (
			);
			runOnlyForDeploymentPostprocessing = 0;
		};
		F2976F232895DFDD000FAE7A /* Frameworks */ = {
			isa = PBXFrameworksBuildPhase;
			buildActionMask = 2147483647;
			files = (
			);
			runOnlyForDeploymentPostprocessing = 0;
		};
		F2976F2E2895DFFD000FAE7A /* Frameworks */ = {
			isa = PBXFrameworksBuildPhase;
			buildActionMask = 2147483647;
			files = (
			);
			runOnlyForDeploymentPostprocessing = 0;
		};
		F2976F392895E01D000FAE7A /* Frameworks */ = {
			isa = PBXFrameworksBuildPhase;
			buildActionMask = 2147483647;
			files = (
			);
			runOnlyForDeploymentPostprocessing = 0;
		};
/* End PBXFrameworksBuildPhase section */

/* Begin PBXGroup section */
		F24B4E67287C9D6700F88C3C = {
			isa = PBXGroup;
			children = (
				F24B4E72287C9D6700F88C3C /* Swift-AGDS */,
				F24B4E71287C9D6700F88C3C /* Products */,
			);
			sourceTree = "<group>";
		};
		F24B4E71287C9D6700F88C3C /* Products */ = {
			isa = PBXGroup;
			children = (
				F24B4E70287C9D6700F88C3C /* Swift-AGDS */,
				F2976F262895DFDD000FAE7A /* Swift-AGDS-Tests.xctest */,
				F2976F312895DFFD000FAE7A /* a.xctest */,
				F2976F3C2895E01D000FAE7A /* WhosParents.xctest */,
			);
			name = Products;
			sourceTree = "<group>";
		};
		F24B4E72287C9D6700F88C3C /* Swift-AGDS */ = {
			isa = PBXGroup;
			children = (
				F2D41C5728A4C40600C288C0 /* TopologicalSort */,
				F2BFEC1728A1773E00300AB2 /* FloodFill */,
				F2976F1F2895CA6A000FAE7A /* Tree */,
				F297550E28904C0A001D510A /* Graph */,
				F260F69C2888BF5C00D286FB /* DataStructures1 */,
				F2523D2C2885BDC70042B63D /* SearchingSorting */,
				F24B4E7D287D1EB800F88C3C /* Utils */,
				F24B4E7A287C9D8900F88C3C /* Recursion */,
				F24B4E73287C9D6700F88C3C /* main.swift */,
				F2BFEC1B28A1802900300AB2 /* Maze.swift */,
			);
			path = "Swift-AGDS";
			sourceTree = "<group>";
		};
		F24B4E7A287C9D8900F88C3C /* Recursion */ = {
			isa = PBXGroup;
			children = (
				F24B4E80287D386B00F88C3C /* story.txt */,
				F24B4E7B287C9D9D00F88C3C /* Recursion.swift */,
				F2071F41287F2F7300CBB1D2 /* ExaustiveSearch.swift */,
				F2071F44287F420900CBB1D2 /* BackTracking.swift */,
			);
			path = Recursion;
			sourceTree = "<group>";
		};
		F24B4E7D287D1EB800F88C3C /* Utils */ = {
			isa = PBXGroup;
			children = (
				F2975513289055B5001D510A /* String+DPStringTool.swift */,
			);
			path = Utils;
			sourceTree = "<group>";
		};
		F2523D2C2885BDC70042B63D /* SearchingSorting */ = {
			isa = PBXGroup;
			children = (
				F2523D2D2885BDDE0042B63D /* Searching.swift */,
				F28EF95B2886712A005E6965 /* Sorting.swift */,
			);
			path = SearchingSorting;
			sourceTree = "<group>";
		};
		F260F69C2888BF5C00D286FB /* DataStructures1 */ = {
			isa = PBXGroup;
			children = (
				F260F69D2888BF7200D286FB /* Bag.swift */,
				F260F69F2888BFA900D286FB /* Queue.swift */,
				F260F6A12888BFD300D286FB /* Stack.swift */,
			);
			path = DataStructures1;
			sourceTree = "<group>";
		};
		F297550E28904C0A001D510A /* Graph */ = {
			isa = PBXGroup;
			children = (
				F297550F28904C2B001D510A /* AdjacencyMatrix.swift */,
				F29755112890530B001D510A /* DFS.swift */,
				F26F68F52890DBEB0038EB7B /* BFS.swift */,
				F26F68F72890DE760038EB7B /* Cyclic Permutation.swift */,
				F26F68F92890F6860038EB7B /* RepeatingSequence.swift */,
			);
			path = Graph;
			sourceTree = "<group>";
		};
		F2976F1F2895CA6A000FAE7A /* Tree */ = {
			isa = PBXGroup;
			children = (
				F22C9539289B182200E4F32C /* LCA.swift */,
				F2976F202895CA85000FAE7A /* WhosMyParent.swift */,
				F2976F4B2895F0C3000FAE7A /* Diameter.swift */,
				F2B36CB1289C344A006A403D /* SushiReview.swift */,
			);
			path = Tree;
			sourceTree = "<group>";
		};
		F2BFEC1728A1773E00300AB2 /* FloodFill */ = {
			isa = PBXGroup;
			children = (
				F2BFEC1D28A1802B00300AB2 /* Maze.swift */,
				F2F38B3928A30E4C00572B5F /* TomatoFarm.swift */,
				F2BFEC1828A1774700300AB2 /* Town.swift */,
				F2F38B3B28A3750900572B5F /* Bridges.swift */,
			);
			path = FloodFill;
			sourceTree = "<group>";
		};
		F2D41C5728A4C40600C288C0 /* TopologicalSort */ = {
			isa = PBXGroup;
			children = (
				F2D41C5828A4C43300C288C0 /* CourseSchedule+leetcode.swift */,
				F2D41C5A28A4C67E00C288C0 /* CourseSchedule2+leetcode.swift */,
			);
			path = TopologicalSort;
			sourceTree = "<group>";
		};
/* End PBXGroup section */

/* Begin PBXNativeTarget section */
		F24B4E6F287C9D6700F88C3C /* Swift-AGDS */ = {
			isa = PBXNativeTarget;
			buildConfigurationList = F24B4E77287C9D6700F88C3C /* Build configuration list for PBXNativeTarget "Swift-AGDS" */;
			buildPhases = (
				F24B4E6C287C9D6700F88C3C /* Sources */,
				F24B4E6D287C9D6700F88C3C /* Frameworks */,
				F24B4E6E287C9D6700F88C3C /* CopyFiles */,
			);
			buildRules = (
			);
			dependencies = (
			);
			name = "Swift-AGDS";
			productName = "Swift-AGDS";
			productReference = F24B4E70287C9D6700F88C3C /* Swift-AGDS */;
			productType = "com.apple.product-type.tool";
		};
		F2976F252895DFDD000FAE7A /* Swift-AGDS-Tests */ = {
			isa = PBXNativeTarget;
			buildConfigurationList = F2976F2A2895DFDE000FAE7A /* Build configuration list for PBXNativeTarget "Swift-AGDS-Tests" */;
			buildPhases = (
				F2976F222895DFDD000FAE7A /* Sources */,
				F2976F232895DFDD000FAE7A /* Frameworks */,
				F2976F242895DFDD000FAE7A /* Resources */,
			);
			buildRules = (
			);
			dependencies = (
			);
			name = "Swift-AGDS-Tests";
			productName = "Swift-AGDS-Tests";
			productReference = F2976F262895DFDD000FAE7A /* Swift-AGDS-Tests.xctest */;
			productType = "com.apple.product-type.bundle.unit-test";
		};
		F2976F302895DFFD000FAE7A /* a */ = {
			isa = PBXNativeTarget;
			buildConfigurationList = F2976F352895DFFD000FAE7A /* Build configuration list for PBXNativeTarget "a" */;
			buildPhases = (
				F2976F2D2895DFFD000FAE7A /* Sources */,
				F2976F2E2895DFFD000FAE7A /* Frameworks */,
				F2976F2F2895DFFD000FAE7A /* Resources */,
			);
			buildRules = (
			);
			dependencies = (
			);
			name = a;
			productName = a;
			productReference = F2976F312895DFFD000FAE7A /* a.xctest */;
			productType = "com.apple.product-type.bundle.unit-test";
		};
		F2976F3B2895E01D000FAE7A /* WhosParents */ = {
			isa = PBXNativeTarget;
			buildConfigurationList = F2976F402895E01D000FAE7A /* Build configuration list for PBXNativeTarget "WhosParents" */;
			buildPhases = (
				F2976F382895E01D000FAE7A /* Sources */,
				F2976F392895E01D000FAE7A /* Frameworks */,
				F2976F3A2895E01D000FAE7A /* Resources */,
			);
			buildRules = (
			);
			dependencies = (
			);
			name = WhosParents;
			productName = WhosParents;
			productReference = F2976F3C2895E01D000FAE7A /* WhosParents.xctest */;
			productType = "com.apple.product-type.bundle.unit-test";
		};
/* End PBXNativeTarget section */

/* Begin PBXProject section */
		F24B4E68287C9D6700F88C3C /* Project object */ = {
			isa = PBXProject;
			attributes = {
				BuildIndependentTargetsInParallel = 1;
				LastSwiftUpdateCheck = 1340;
				LastUpgradeCheck = 1340;
				TargetAttributes = {
					F24B4E6F287C9D6700F88C3C = {
						CreatedOnToolsVersion = 13.4.1;
					};
					F2976F252895DFDD000FAE7A = {
						CreatedOnToolsVersion = 13.4.1;
					};
					F2976F302895DFFD000FAE7A = {
						CreatedOnToolsVersion = 13.4.1;
					};
					F2976F3B2895E01D000FAE7A = {
						CreatedOnToolsVersion = 13.4.1;
					};
				};
			};
			buildConfigurationList = F24B4E6B287C9D6700F88C3C /* Build configuration list for PBXProject "Swift-AGDS" */;
			compatibilityVersion = "Xcode 13.0";
			developmentRegion = en;
			hasScannedForEncodings = 0;
			knownRegions = (
				en,
				Base,
			);
			mainGroup = F24B4E67287C9D6700F88C3C;
			productRefGroup = F24B4E71287C9D6700F88C3C /* Products */;
			projectDirPath = "";
			projectRoot = "";
			targets = (
				F24B4E6F287C9D6700F88C3C /* Swift-AGDS */,
				F2976F252895DFDD000FAE7A /* Swift-AGDS-Tests */,
				F2976F302895DFFD000FAE7A /* a */,
				F2976F3B2895E01D000FAE7A /* WhosParents */,
			);
		};
/* End PBXProject section */

/* Begin PBXResourcesBuildPhase section */
		F2976F242895DFDD000FAE7A /* Resources */ = {
			isa = PBXResourcesBuildPhase;
			buildActionMask = 2147483647;
			files = (
			);
			runOnlyForDeploymentPostprocessing = 0;
		};
		F2976F2F2895DFFD000FAE7A /* Resources */ = {
			isa = PBXResourcesBuildPhase;
			buildActionMask = 2147483647;
			files = (
			);
			runOnlyForDeploymentPostprocessing = 0;
		};
		F2976F3A2895E01D000FAE7A /* Resources */ = {
			isa = PBXResourcesBuildPhase;
			buildActionMask = 2147483647;
			files = (
			);
			runOnlyForDeploymentPostprocessing = 0;
		};
/* End PBXResourcesBuildPhase section */

/* Begin PBXSourcesBuildPhase section */
		F24B4E6C287C9D6700F88C3C /* Sources */ = {
			isa = PBXSourcesBuildPhase;
			buildActionMask = 2147483647;
			files = (
				F2523D2E2885BDDE0042B63D /* Searching.swift in Sources */,
				F2071F42287F2F7300CBB1D2 /* ExaustiveSearch.swift in Sources */,
				F24B4E7C287C9D9D00F88C3C /* Recursion.swift in Sources */,
				F2975514289055B5001D510A /* String+DPStringTool.swift in Sources */,
				F22C953A289B182200E4F32C /* LCA.swift in Sources */,
				F297551028904C2B001D510A /* AdjacencyMatrix.swift in Sources */,
				F28EF95C2886712A005E6965 /* Sorting.swift in Sources */,
				F2F38B3A28A30E4C00572B5F /* TomatoFarm.swift in Sources */,
				F2071F45287F420900CBB1D2 /* BackTracking.swift in Sources */,
				F2D41C5B28A4C67E00C288C0 /* CourseSchedule2+leetcode.swift in Sources */,
				F26F68F62890DBEB0038EB7B /* BFS.swift in Sources */,
				F260F6A22888BFD300D286FB /* Stack.swift in Sources */,
				F260F69E2888BF7200D286FB /* Bag.swift in Sources */,
				F2B36CB2289C344A006A403D /* SushiReview.swift in Sources */,
				F26F68F82890DE760038EB7B /* Cyclic Permutation.swift in Sources */,
				F29755122890530B001D510A /* DFS.swift in Sources */,
				F2BFEC1C28A1802A00300AB2 /* Maze.swift in Sources */,
				F26F68FA2890F6860038EB7B /* RepeatingSequence.swift in Sources */,
				F2D41C5928A4C43300C288C0 /* CourseSchedule+leetcode.swift in Sources */,
				F2976F4C2895F0C3000FAE7A /* Diameter.swift in Sources */,
				F2F38B3C28A3750A00572B5F /* Bridges.swift in Sources */,
				F260F6A02888BFA900D286FB /* Queue.swift in Sources */,
				F2976F212895CA85000FAE7A /* WhosMyParent.swift in Sources */,
				F24B4E74287C9D6700F88C3C /* main.swift in Sources */,
			);
			runOnlyForDeploymentPostprocessing = 0;
		};
		F2976F222895DFDD000FAE7A /* Sources */ = {
			isa = PBXSourcesBuildPhase;
			buildActionMask = 2147483647;
			files = (
			);
			runOnlyForDeploymentPostprocessing = 0;
		};
		F2976F2D2895DFFD000FAE7A /* Sources */ = {
			isa = PBXSourcesBuildPhase;
			buildActionMask = 2147483647;
			files = (
			);
			runOnlyForDeploymentPostprocessing = 0;
		};
		F2976F382895E01D000FAE7A /* Sources */ = {
			isa = PBXSourcesBuildPhase;
			buildActionMask = 2147483647;
			files = (
			);
			runOnlyForDeploymentPostprocessing = 0;
		};
/* End PBXSourcesBuildPhase section */

/* Begin XCBuildConfiguration section */
		F24B4E75287C9D6700F88C3C /* Debug */ = {
			isa = XCBuildConfiguration;
			buildSettings = {
				ALWAYS_SEARCH_USER_PATHS = NO;
				CLANG_ANALYZER_NONNULL = YES;
				CLANG_ANALYZER_NUMBER_OBJECT_CONVERSION = YES_AGGRESSIVE;
				CLANG_CXX_LANGUAGE_STANDARD = "gnu++17";
				CLANG_ENABLE_MODULES = YES;
				CLANG_ENABLE_OBJC_ARC = YES;
				CLANG_ENABLE_OBJC_WEAK = YES;
				CLANG_WARN_BLOCK_CAPTURE_AUTORELEASING = YES;
				CLANG_WARN_BOOL_CONVERSION = YES;
				CLANG_WARN_COMMA = YES;
				CLANG_WARN_CONSTANT_CONVERSION = YES;
				CLANG_WARN_DEPRECATED_OBJC_IMPLEMENTATIONS = YES;
				CLANG_WARN_DIRECT_OBJC_ISA_USAGE = YES_ERROR;
				CLANG_WARN_DOCUMENTATION_COMMENTS = YES;
				CLANG_WARN_EMPTY_BODY = YES;
				CLANG_WARN_ENUM_CONVERSION = YES;
				CLANG_WARN_INFINITE_RECURSION = YES;
				CLANG_WARN_INT_CONVERSION = YES;
				CLANG_WARN_NON_LITERAL_NULL_CONVERSION = YES;
				CLANG_WARN_OBJC_IMPLICIT_RETAIN_SELF = YES;
				CLANG_WARN_OBJC_LITERAL_CONVERSION = YES;
				CLANG_WARN_OBJC_ROOT_CLASS = YES_ERROR;
				CLANG_WARN_QUOTED_INCLUDE_IN_FRAMEWORK_HEADER = YES;
				CLANG_WARN_RANGE_LOOP_ANALYSIS = YES;
				CLANG_WARN_STRICT_PROTOTYPES = YES;
				CLANG_WARN_SUSPICIOUS_MOVE = YES;
				CLANG_WARN_UNGUARDED_AVAILABILITY = YES_AGGRESSIVE;
				CLANG_WARN_UNREACHABLE_CODE = YES;
				CLANG_WARN__DUPLICATE_METHOD_MATCH = YES;
				COPY_PHASE_STRIP = NO;
				DEBUG_INFORMATION_FORMAT = dwarf;
				ENABLE_STRICT_OBJC_MSGSEND = YES;
				ENABLE_TESTABILITY = YES;
				GCC_C_LANGUAGE_STANDARD = gnu11;
				GCC_DYNAMIC_NO_PIC = NO;
				GCC_NO_COMMON_BLOCKS = YES;
				GCC_OPTIMIZATION_LEVEL = 0;
				GCC_PREPROCESSOR_DEFINITIONS = (
					"DEBUG=1",
					"$(inherited)",
				);
				GCC_WARN_64_TO_32_BIT_CONVERSION = YES;
				GCC_WARN_ABOUT_RETURN_TYPE = YES_ERROR;
				GCC_WARN_UNDECLARED_SELECTOR = YES;
				GCC_WARN_UNINITIALIZED_AUTOS = YES_AGGRESSIVE;
				GCC_WARN_UNUSED_FUNCTION = YES;
				GCC_WARN_UNUSED_VARIABLE = YES;
				MACOSX_DEPLOYMENT_TARGET = 12.3;
				MTL_ENABLE_DEBUG_INFO = INCLUDE_SOURCE;
				MTL_FAST_MATH = YES;
				ONLY_ACTIVE_ARCH = YES;
				SDKROOT = macosx;
				SWIFT_ACTIVE_COMPILATION_CONDITIONS = DEBUG;
				SWIFT_OPTIMIZATION_LEVEL = "-Onone";
			};
			name = Debug;
		};
		F24B4E76287C9D6700F88C3C /* Release */ = {
			isa = XCBuildConfiguration;
			buildSettings = {
				ALWAYS_SEARCH_USER_PATHS = NO;
				CLANG_ANALYZER_NONNULL = YES;
				CLANG_ANALYZER_NUMBER_OBJECT_CONVERSION = YES_AGGRESSIVE;
				CLANG_CXX_LANGUAGE_STANDARD = "gnu++17";
				CLANG_ENABLE_MODULES = YES;
				CLANG_ENABLE_OBJC_ARC = YES;
				CLANG_ENABLE_OBJC_WEAK = YES;
				CLANG_WARN_BLOCK_CAPTURE_AUTORELEASING = YES;
				CLANG_WARN_BOOL_CONVERSION = YES;
				CLANG_WARN_COMMA = YES;
				CLANG_WARN_CONSTANT_CONVERSION = YES;
				CLANG_WARN_DEPRECATED_OBJC_IMPLEMENTATIONS = YES;
				CLANG_WARN_DIRECT_OBJC_ISA_USAGE = YES_ERROR;
				CLANG_WARN_DOCUMENTATION_COMMENTS = YES;
				CLANG_WARN_EMPTY_BODY = YES;
				CLANG_WARN_ENUM_CONVERSION = YES;
				CLANG_WARN_INFINITE_RECURSION = YES;
				CLANG_WARN_INT_CONVERSION = YES;
				CLANG_WARN_NON_LITERAL_NULL_CONVERSION = YES;
				CLANG_WARN_OBJC_IMPLICIT_RETAIN_SELF = YES;
				CLANG_WARN_OBJC_LITERAL_CONVERSION = YES;
				CLANG_WARN_OBJC_ROOT_CLASS = YES_ERROR;
				CLANG_WARN_QUOTED_INCLUDE_IN_FRAMEWORK_HEADER = YES;
				CLANG_WARN_RANGE_LOOP_ANALYSIS = YES;
				CLANG_WARN_STRICT_PROTOTYPES = YES;
				CLANG_WARN_SUSPICIOUS_MOVE = YES;
				CLANG_WARN_UNGUARDED_AVAILABILITY = YES_AGGRESSIVE;
				CLANG_WARN_UNREACHABLE_CODE = YES;
				CLANG_WARN__DUPLICATE_METHOD_MATCH = YES;
				COPY_PHASE_STRIP = NO;
				DEBUG_INFORMATION_FORMAT = "dwarf-with-dsym";
				ENABLE_NS_ASSERTIONS = NO;
				ENABLE_STRICT_OBJC_MSGSEND = YES;
				GCC_C_LANGUAGE_STANDARD = gnu11;
				GCC_NO_COMMON_BLOCKS = YES;
				GCC_WARN_64_TO_32_BIT_CONVERSION = YES;
				GCC_WARN_ABOUT_RETURN_TYPE = YES_ERROR;
				GCC_WARN_UNDECLARED_SELECTOR = YES;
				GCC_WARN_UNINITIALIZED_AUTOS = YES_AGGRESSIVE;
				GCC_WARN_UNUSED_FUNCTION = YES;
				GCC_WARN_UNUSED_VARIABLE = YES;
				MACOSX_DEPLOYMENT_TARGET = 12.3;
				MTL_ENABLE_DEBUG_INFO = NO;
				MTL_FAST_MATH = YES;
				SDKROOT = macosx;
				SWIFT_COMPILATION_MODE = wholemodule;
				SWIFT_OPTIMIZATION_LEVEL = "-O";
			};
			name = Release;
		};
		F24B4E78287C9D6700F88C3C /* Debug */ = {
			isa = XCBuildConfiguration;
			buildSettings = {
				CODE_SIGN_STYLE = Automatic;
				PRODUCT_NAME = "$(TARGET_NAME)";
				SWIFT_VERSION = 5.0;
			};
			name = Debug;
		};
		F24B4E79287C9D6700F88C3C /* Release */ = {
			isa = XCBuildConfiguration;
			buildSettings = {
				CODE_SIGN_STYLE = Automatic;
				PRODUCT_NAME = "$(TARGET_NAME)";
				SWIFT_VERSION = 5.0;
			};
			name = Release;
		};
		F2976F2B2895DFDE000FAE7A /* Debug */ = {
			isa = XCBuildConfiguration;
			buildSettings = {
				CODE_SIGN_STYLE = Automatic;
				CURRENT_PROJECT_VERSION = 1;
				GENERATE_INFOPLIST_FILE = YES;
				MARKETING_VERSION = 1.0;
				PRODUCT_BUNDLE_IDENTIFIER = "com.example.Swift-AGDS-Tests";
				PRODUCT_NAME = "$(TARGET_NAME)";
				SWIFT_EMIT_LOC_STRINGS = NO;
				SWIFT_VERSION = 5.0;
			};
			name = Debug;
		};
		F2976F2C2895DFDE000FAE7A /* Release */ = {
			isa = XCBuildConfiguration;
			buildSettings = {
				CODE_SIGN_STYLE = Automatic;
				CURRENT_PROJECT_VERSION = 1;
				GENERATE_INFOPLIST_FILE = YES;
				MARKETING_VERSION = 1.0;
				PRODUCT_BUNDLE_IDENTIFIER = "com.example.Swift-AGDS-Tests";
				PRODUCT_NAME = "$(TARGET_NAME)";
				SWIFT_EMIT_LOC_STRINGS = NO;
				SWIFT_VERSION = 5.0;
			};
			name = Release;
		};
		F2976F362895DFFD000FAE7A /* Debug */ = {
			isa = XCBuildConfiguration;
			buildSettings = {
				CODE_SIGN_STYLE = Automatic;
				CURRENT_PROJECT_VERSION = 1;
				GENERATE_INFOPLIST_FILE = YES;
				MARKETING_VERSION = 1.0;
				PRODUCT_BUNDLE_IDENTIFIER = com.example.a;
				PRODUCT_NAME = "$(TARGET_NAME)";
				SWIFT_EMIT_LOC_STRINGS = NO;
				SWIFT_VERSION = 5.0;
			};
			name = Debug;
		};
		F2976F372895DFFD000FAE7A /* Release */ = {
			isa = XCBuildConfiguration;
			buildSettings = {
				CODE_SIGN_STYLE = Automatic;
				CURRENT_PROJECT_VERSION = 1;
				GENERATE_INFOPLIST_FILE = YES;
				MARKETING_VERSION = 1.0;
				PRODUCT_BUNDLE_IDENTIFIER = com.example.a;
				PRODUCT_NAME = "$(TARGET_NAME)";
				SWIFT_EMIT_LOC_STRINGS = NO;
				SWIFT_VERSION = 5.0;
			};
			name = Release;
		};
		F2976F412895E01D000FAE7A /* Debug */ = {
			isa = XCBuildConfiguration;
			buildSettings = {
				CODE_SIGN_STYLE = Automatic;
				CURRENT_PROJECT_VERSION = 1;
				GENERATE_INFOPLIST_FILE = YES;
				MARKETING_VERSION = 1.0;
				PRODUCT_BUNDLE_IDENTIFIER = com.example.WhosParents;
				PRODUCT_NAME = "$(TARGET_NAME)";
				SWIFT_EMIT_LOC_STRINGS = NO;
				SWIFT_VERSION = 5.0;
			};
			name = Debug;
		};
		F2976F422895E01D000FAE7A /* Release */ = {
			isa = XCBuildConfiguration;
			buildSettings = {
				CODE_SIGN_STYLE = Automatic;
				CURRENT_PROJECT_VERSION = 1;
				GENERATE_INFOPLIST_FILE = YES;
				MARKETING_VERSION = 1.0;
				PRODUCT_BUNDLE_IDENTIFIER = com.example.WhosParents;
				PRODUCT_NAME = "$(TARGET_NAME)";
				SWIFT_EMIT_LOC_STRINGS = NO;
				SWIFT_VERSION = 5.0;
			};
			name = Release;
		};
/* End XCBuildConfiguration section */

/* Begin XCConfigurationList section */
		F24B4E6B287C9D6700F88C3C /* Build configuration list for PBXProject "Swift-AGDS" */ = {
			isa = XCConfigurationList;
			buildConfigurations = (
				F24B4E75287C9D6700F88C3C /* Debug */,
				F24B4E76287C9D6700F88C3C /* Release */,
			);
			defaultConfigurationIsVisible = 0;
			defaultConfigurationName = Release;
		};
		F24B4E77287C9D6700F88C3C /* Build configuration list for PBXNativeTarget "Swift-AGDS" */ = {
			isa = XCConfigurationList;
			buildConfigurations = (
				F24B4E78287C9D6700F88C3C /* Debug */,
				F24B4E79287C9D6700F88C3C /* Release */,
			);
			defaultConfigurationIsVisible = 0;
			defaultConfigurationName = Release;
		};
		F2976F2A2895DFDE000FAE7A /* Build configuration list for PBXNativeTarget "Swift-AGDS-Tests" */ = {
			isa = XCConfigurationList;
			buildConfigurations = (
				F2976F2B2895DFDE000FAE7A /* Debug */,
				F2976F2C2895DFDE000FAE7A /* Release */,
			);
			defaultConfigurationIsVisible = 0;
			defaultConfigurationName = Release;
		};
		F2976F352895DFFD000FAE7A /* Build configuration list for PBXNativeTarget "a" */ = {
			isa = XCConfigurationList;
			buildConfigurations = (
				F2976F362895DFFD000FAE7A /* Debug */,
				F2976F372895DFFD000FAE7A /* Release */,
			);
			defaultConfigurationIsVisible = 0;
			defaultConfigurationName = Release;
		};
		F2976F402895E01D000FAE7A /* Build configuration list for PBXNativeTarget "WhosParents" */ = {
			isa = XCConfigurationList;
			buildConfigurations = (
				F2976F412895E01D000FAE7A /* Debug */,
				F2976F422895E01D000FAE7A /* Release */,
			);
			defaultConfigurationIsVisible = 0;
			defaultConfigurationName = Release;
		};
/* End XCConfigurationList section */
	};
	rootObject = F24B4E68287C9D6700F88C3C /* Project object */;
}
